
Microsoft Visual Studio Solution File, Format Version 12.00
# Visual Studio Version 17
VisualStudioVersion = 17.13.35825.156
MinimumVisualStudioVersion = 10.0.40219.1
Project("{FAE04EC0-301F-11D3-BF4B-00C04F79EFBC}") = "OOP-C#", "OOP-C#\OOP-C#.csproj", "{CF59F2E1-48E6-4B98-8855-343709B3EB67}"
EndProject
Project("{FAE04EC0-301F-11D3-BF4B-00C04F79EFBC}") = "Assignments-&-Taks", "Assignments-&-Taks\Assignments-&-Taks.csproj", "{69A23F48-8A18-4C92-B592-1598221A4BDB}"
EndProject
Global
	GlobalSection(SolutionConfigurationPlatforms) = preSolution
		Debug|Any CPU = Debug|Any CPU
		Release|Any CPU = Release|Any CPU
	EndGlobalSection
	GlobalSection(ProjectConfigurationPlatforms) = postSolution
		{CF59F2E1-48E6-4B98-8855-343709B3EB67}.Debug|Any CPU.ActiveCfg = Debug|Any CPU
		{CF59F2E1-48E6-4B98-8855-343709B3EB67}.Debug|Any CPU.Build.0 = Debug|Any CPU
		{CF59F2E1-48E6-4B98-8855-343709B3EB67}.Release|Any CPU.ActiveCfg = Release|Any CPU
		{CF59F2E1-48E6-4B98-8855-343709B3EB67}.Release|Any CPU.Build.0 = Release|Any CPU
		{69A23F48-8A18-4C92-B592-1598221A4BDB}.Debug|Any CPU.ActiveCfg = Debug|Any CPU
		{69A23F48-8A18-4C92-B592-1598221A4BDB}.Debug|Any CPU.Build.0 = Debug|Any CPU
		{69A23F48-8A18-4C92-B592-1598221A4BDB}.Release|Any CPU.ActiveCfg = Release|Any CPU
		{69A23F48-8A18-4C92-B592-1598221A4BDB}.Release|Any CPU.Build.0 = Release|Any CPU
	EndGlobalSection
	GlobalSection(SolutionProperties) = preSolution
		HideSolutionNode = FALSE
	EndGlobalSection
	GlobalSection(ExtensibilityGlobals) = postSolution
		SolutionGuid = {2AAD5078-F459-4174-A0BA-9A00FFE7F807}
	EndGlobalSection
EndGlobal
